// !$*UTF8*$!
{
	archiveVersion = 1;
	classes = {
	};
	objectVersion = 46;
	objects = {

/* Begin PBXBuildFile section */
		CEC55EAD199857160033C1D3 /* Recipe.m in Sources */ = {isa = PBXBuildFile; fileRef = CEC55EAC199857160033C1D3 /* Recipe.m */; };
		CEC55F0A199859E00033C1D3 /* angry_birds_cake.jpg in Resources */ = {isa = PBXBuildFile; fileRef = CEC55EF8199859E00033C1D3 /* angry_birds_cake.jpg */; };
		CEC55F0B199859E00033C1D3 /* creme_brelee.jpg in Resources */ = {isa = PBXBuildFile; fileRef = CEC55EF9199859E00033C1D3 /* creme_brelee.jpg */; };
		CEC55F0C199859E00033C1D3 /* egg_benedict.jpg in Resources */ = {isa = PBXBuildFile; fileRef = CEC55EFA199859E00033C1D3 /* egg_benedict.jpg */; };
		CEC55F0D199859E00033C1D3 /* full_breakfast.jpg in Resources */ = {isa = PBXBuildFile; fileRef = CEC55EFB199859E00033C1D3 /* full_breakfast.jpg */; };
		CEC55F0E199859E00033C1D3 /* green_tea.jpg in Resources */ = {isa = PBXBuildFile; fileRef = CEC55EFC199859E00033C1D3 /* green_tea.jpg */; };
		CEC55F0F199859E00033C1D3 /* ham_and_cheese_panini.jpg in Resources */ = {isa = PBXBuildFile; fileRef = CEC55EFD199859E00033C1D3 /* ham_and_cheese_panini.jpg */; };
		CEC55F10199859E00033C1D3 /* ham_and_egg_sandwich.jpg in Resources */ = {isa = PBXBuildFile; fileRef = CEC55EFE199859E00033C1D3 /* ham_and_egg_sandwich.jpg */; };
		CEC55F11199859E00033C1D3 /* hamburger.jpg in Resources */ = {isa = PBXBuildFile; fileRef = CEC55EFF199859E00033C1D3 /* hamburger.jpg */; };
		CEC55F12199859E00033C1D3 /* instant_noodle_with_egg.jpg in Resources */ = {isa = PBXBuildFile; fileRef = CEC55F00199859E00033C1D3 /* instant_noodle_with_egg.jpg */; };
		CEC55F13199859E00033C1D3 /* japanese_noodle_with_pork.jpg in Resources */ = {isa = PBXBuildFile; fileRef = CEC55F01199859E00033C1D3 /* japanese_noodle_with_pork.jpg */; };
		CEC55F14199859E00033C1D3 /* mushroom_risotto.jpg in Resources */ = {isa = PBXBuildFile; fileRef = CEC55F02199859E00033C1D3 /* mushroom_risotto.jpg */; };
		CEC55F15199859E00033C1D3 /* noodle_with_bbq_pork.jpg in Resources */ = {isa = PBXBuildFile; fileRef = CEC55F03199859E00033C1D3 /* noodle_with_bbq_pork.jpg */; };
		CEC55F16199859E00033C1D3 /* photo-frame.png in Resources */ = {isa = PBXBuildFile; fileRef = CEC55F04199859E00033C1D3 /* photo-frame.png */; };
		CEC55F17199859E00033C1D3 /* photo-frame@2x.png in Resources */ = {isa = PBXBuildFile; fileRef = CEC55F05199859E00033C1D3 /* photo-frame@2x.png */; };
		CEC55F18199859E00033C1D3 /* starbucks_coffee.jpg in Resources */ = {isa = PBXBuildFile; fileRef = CEC55F06199859E00033C1D3 /* starbucks_coffee.jpg */; };
		CEC55F19199859E00033C1D3 /* thai_shrimp_cake.jpg in Resources */ = {isa = PBXBuildFile; fileRef = CEC55F07199859E00033C1D3 /* thai_shrimp_cake.jpg */; };
		CEC55F1A199859E00033C1D3 /* vegetable_curry.jpg in Resources */ = {isa = PBXBuildFile; fileRef = CEC55F08199859E00033C1D3 /* vegetable_curry.jpg */; };
		CEC55F1B199859E00033C1D3 /* white_chocolate_donut.jpg in Resources */ = {isa = PBXBuildFile; fileRef = CEC55F09199859E00033C1D3 /* white_chocolate_donut.jpg */; };
		CEE3E62A1998133100AFB307 /* Foundation.framework in Frameworks */ = {isa = PBXBuildFile; fileRef = CEE3E6291998133100AFB307 /* Foundation.framework */; };
		CEE3E62C1998133100AFB307 /* CoreGraphics.framework in Frameworks */ = {isa = PBXBuildFile; fileRef = CEE3E62B1998133100AFB307 /* CoreGraphics.framework */; };
		CEE3E62E1998133100AFB307 /* UIKit.framework in Frameworks */ = {isa = PBXBuildFile; fileRef = CEE3E62D1998133100AFB307 /* UIKit.framework */; };
		CEE3E6341998133100AFB307 /* InfoPlist.strings in Resources */ = {isa = PBXBuildFile; fileRef = CEE3E6321998133100AFB307 /* InfoPlist.strings */; };
		CEE3E6361998133100AFB307 /* main.m in Sources */ = {isa = PBXBuildFile; fileRef = CEE3E6351998133100AFB307 /* main.m */; };
		CEE3E63A1998133100AFB307 /* RecipeBookAppDelegate.m in Sources */ = {isa = PBXBuildFile; fileRef = CEE3E6391998133100AFB307 /* RecipeBookAppDelegate.m */; };
		CEE3E63D1998133100AFB307 /* Main_iPhone.storyboard in Resources */ = {isa = PBXBuildFile; fileRef = CEE3E63B1998133100AFB307 /* Main_iPhone.storyboard */; };
		CEE3E6401998133100AFB307 /* Main_iPad.storyboard in Resources */ = {isa = PBXBuildFile; fileRef = CEE3E63E1998133100AFB307 /* Main_iPad.storyboard */; };
		CEE3E6431998133100AFB307 /* RecipeBookViewController.m in Sources */ = {isa = PBXBuildFile; fileRef = CEE3E6421998133100AFB307 /* RecipeBookViewController.m */; };
		CEE3E6451998133100AFB307 /* Images.xcassets in Resources */ = {isa = PBXBuildFile; fileRef = CEE3E6441998133100AFB307 /* Images.xcassets */; };
		CEE3E64C1998133100AFB307 /* XCTest.framework in Frameworks */ = {isa = PBXBuildFile; fileRef = CEE3E64B1998133100AFB307 /* XCTest.framework */; };
		CEE3E64D1998133100AFB307 /* Foundation.framework in Frameworks */ = {isa = PBXBuildFile; fileRef = CEE3E6291998133100AFB307 /* Foundation.framework */; };
		CEE3E64E1998133100AFB307 /* UIKit.framework in Frameworks */ = {isa = PBXBuildFile; fileRef = CEE3E62D1998133100AFB307 /* UIKit.framework */; };
		CEE3E6561998133100AFB307 /* InfoPlist.strings in Resources */ = {isa = PBXBuildFile; fileRef = CEE3E6541998133100AFB307 /* InfoPlist.strings */; };
		CEE3E6581998133100AFB307 /* RecipeBookTests.m in Sources */ = {isa = PBXBuildFile; fileRef = CEE3E6571998133100AFB307 /* RecipeBookTests.m */; };
		CEE3E66319981DA800AFB307 /* RecipeDetailViewController.m in Sources */ = {isa = PBXBuildFile; fileRef = CEE3E66219981DA800AFB307 /* RecipeDetailViewController.m */; };
/* End PBXBuildFile section */

/* Begin PBXContainerItemProxy section */
		CEE3E64F1998133100AFB307 /* PBXContainerItemProxy */ = {
			isa = PBXContainerItemProxy;
			containerPortal = CEE3E61E1998133100AFB307 /* Project object */;
			proxyType = 1;
			remoteGlobalIDString = CEE3E6251998133100AFB307;
			remoteInfo = RecipeBook;
		};
/* End PBXContainerItemProxy section */

/* Begin PBXFileReference section */
		CEC55EAB199857160033C1D3 /* Recipe.h */ = {isa = PBXFileReference; fileEncoding = 4; lastKnownFileType = sourcecode.c.h; path = Recipe.h; sourceTree = "<group>"; };
		CEC55EAC199857160033C1D3 /* Recipe.m */ = {isa = PBXFileReference; fileEncoding = 4; lastKnownFileType = sourcecode.c.objc; path = Recipe.m; sourceTree = "<group>"; };
		CEC55EF8199859E00033C1D3 /* angry_birds_cake.jpg */ = {isa = PBXFileReference; lastKnownFileType = image.jpeg; path = angry_birds_cake.jpg; sourceTree = "<group>"; };
		CEC55EF9199859E00033C1D3 /* creme_brelee.jpg */ = {isa = PBXFileReference; lastKnownFileType = image.jpeg; path = creme_brelee.jpg; sourceTree = "<group>"; };
		CEC55EFA199859E00033C1D3 /* egg_benedict.jpg */ = {isa = PBXFileReference; lastKnownFileType = image.jpeg; path = egg_benedict.jpg; sourceTree = "<group>"; };
		CEC55EFB199859E00033C1D3 /* full_breakfast.jpg */ = {isa = PBXFileReference; lastKnownFileType = image.jpeg; path = full_breakfast.jpg; sourceTree = "<group>"; };
		CEC55EFC199859E00033C1D3 /* green_tea.jpg */ = {isa = PBXFileReference; lastKnownFileType = image.jpeg; path = green_tea.jpg; sourceTree = "<group>"; };
		CEC55EFD199859E00033C1D3 /* ham_and_cheese_panini.jpg */ = {isa = PBXFileReference; lastKnownFileType = image.jpeg; path = ham_and_cheese_panini.jpg; sourceTree = "<group>"; };
		CEC55EFE199859E00033C1D3 /* ham_and_egg_sandwich.jpg */ = {isa = PBXFileReference; lastKnownFileType = image.jpeg; path = ham_and_egg_sandwich.jpg; sourceTree = "<group>"; };
		CEC55EFF199859E00033C1D3 /* hamburger.jpg */ = {isa = PBXFileReference; lastKnownFileType = image.jpeg; path = hamburger.jpg; sourceTree = "<group>"; };
		CEC55F00199859E00033C1D3 /* instant_noodle_with_egg.jpg */ = {isa = PBXFileReference; lastKnownFileType = image.jpeg; path = instant_noodle_with_egg.jpg; sourceTree = "<group>"; };
		CEC55F01199859E00033C1D3 /* japanese_noodle_with_pork.jpg */ = {isa = PBXFileReference; lastKnownFileType = image.jpeg; path = japanese_noodle_with_pork.jpg; sourceTree = "<group>"; };
		CEC55F02199859E00033C1D3 /* mushroom_risotto.jpg */ = {isa = PBXFileReference; lastKnownFileType = image.jpeg; path = mushroom_risotto.jpg; sourceTree = "<group>"; };
		CEC55F03199859E00033C1D3 /* noodle_with_bbq_pork.jpg */ = {isa = PBXFileReference; lastKnownFileType = image.jpeg; path = noodle_with_bbq_pork.jpg; sourceTree = "<group>"; };
		CEC55F04199859E00033C1D3 /* photo-frame.png */ = {isa = PBXFileReference; lastKnownFileType = image.png; path = "photo-frame.png"; sourceTree = "<group>"; };
		CEC55F05199859E00033C1D3 /* photo-frame@2x.png */ = {isa = PBXFileReference; lastKnownFileType = image.png; path = "photo-frame@2x.png"; sourceTree = "<group>"; };
		CEC55F06199859E00033C1D3 /* starbucks_coffee.jpg */ = {isa = PBXFileReference; lastKnownFileType = image.jpeg; path = starbucks_coffee.jpg; sourceTree = "<group>"; };
		CEC55F07199859E00033C1D3 /* thai_shrimp_cake.jpg */ = {isa = PBXFileReference; lastKnownFileType = image.jpeg; path = thai_shrimp_cake.jpg; sourceTree = "<group>"; };
		CEC55F08199859E00033C1D3 /* vegetable_curry.jpg */ = {isa = PBXFileReference; lastKnownFileType = image.jpeg; path = vegetable_curry.jpg; sourceTree = "<group>"; };
		CEC55F09199859E00033C1D3 /* white_chocolate_donut.jpg */ = {isa = PBXFileReference; lastKnownFileType = image.jpeg; path = white_chocolate_donut.jpg; sourceTree = "<group>"; };
		CEE3E6261998133100AFB307 /* RecipeBook.app */ = {isa = PBXFileReference; explicitFileType = wrapper.application; includeInIndex = 0; path = RecipeBook.app; sourceTree = BUILT_PRODUCTS_DIR; };
		CEE3E6291998133100AFB307 /* Foundation.framework */ = {isa = PBXFileReference; lastKnownFileType = wrapper.framework; name = Foundation.framework; path = System/Library/Frameworks/Foundation.framework; sourceTree = SDKROOT; };
		CEE3E62B1998133100AFB307 /* CoreGraphics.framework */ = {isa = PBXFileReference; lastKnownFileType = wrapper.framework; name = CoreGraphics.framework; path = System/Library/Frameworks/CoreGraphics.framework; sourceTree = SDKROOT; };
		CEE3E62D1998133100AFB307 /* UIKit.framework */ = {isa = PBXFileReference; lastKnownFileType = wrapper.framework; name = UIKit.framework; path = System/Library/Frameworks/UIKit.framework; sourceTree = SDKROOT; };
		CEE3E6311998133100AFB307 /* RecipeBook-Info.plist */ = {isa = PBXFileReference; lastKnownFileType = text.plist.xml; path = "RecipeBook-Info.plist"; sourceTree = "<group>"; };
		CEE3E6331998133100AFB307 /* en */ = {isa = PBXFileReference; lastKnownFileType = text.plist.strings; name = en; path = en.lproj/InfoPlist.strings; sourceTree = "<group>"; };
		CEE3E6351998133100AFB307 /* main.m */ = {isa = PBXFileReference; lastKnownFileType = sourcecode.c.objc; path = main.m; sourceTree = "<group>"; };
		CEE3E6371998133100AFB307 /* RecipeBook-Prefix.pch */ = {isa = PBXFileReference; lastKnownFileType = sourcecode.c.h; path = "RecipeBook-Prefix.pch"; sourceTree = "<group>"; };
		CEE3E6381998133100AFB307 /* RecipeBookAppDelegate.h */ = {isa = PBXFileReference; lastKnownFileType = sourcecode.c.h; path = RecipeBookAppDelegate.h; sourceTree = "<group>"; };
		CEE3E6391998133100AFB307 /* RecipeBookAppDelegate.m */ = {isa = PBXFileReference; lastKnownFileType = sourcecode.c.objc; path = RecipeBookAppDelegate.m; sourceTree = "<group>"; };
		CEE3E63C1998133100AFB307 /* Base */ = {isa = PBXFileReference; lastKnownFileType = file.storyboard; name = Base; path = Base.lproj/Main_iPhone.storyboard; sourceTree = "<group>"; };
		CEE3E63F1998133100AFB307 /* Base */ = {isa = PBXFileReference; lastKnownFileType = file.storyboard; name = Base; path = Base.lproj/Main_iPad.storyboard; sourceTree = "<group>"; };
		CEE3E6411998133100AFB307 /* RecipeBookViewController.h */ = {isa = PBXFileReference; lastKnownFileType = sourcecode.c.h; path = RecipeBookViewController.h; sourceTree = "<group>"; };
		CEE3E6421998133100AFB307 /* RecipeBookViewController.m */ = {isa = PBXFileReference; lastKnownFileType = sourcecode.c.objc; path = RecipeBookViewController.m; sourceTree = "<group>"; };
		CEE3E6441998133100AFB307 /* Images.xcassets */ = {isa = PBXFileReference; lastKnownFileType = folder.assetcatalog; path = Images.xcassets; sourceTree = "<group>"; };
		CEE3E64A1998133100AFB307 /* RecipeBookTests.xctest */ = {isa = PBXFileReference; explicitFileType = wrapper.cfbundle; includeInIndex = 0; path = RecipeBookTests.xctest; sourceTree = BUILT_PRODUCTS_DIR; };
		CEE3E64B1998133100AFB307 /* XCTest.framework */ = {isa = PBXFileReference; lastKnownFileType = wrapper.framework; name = XCTest.framework; path = Library/Frameworks/XCTest.framework; sourceTree = DEVELOPER_DIR; };
		CEE3E6531998133100AFB307 /* RecipeBookTests-Info.plist */ = {isa = PBXFileReference; lastKnownFileType = text.plist.xml; path = "RecipeBookTests-Info.plist"; sourceTree = "<group>"; };
		CEE3E6551998133100AFB307 /* en */ = {isa = PBXFileReference; lastKnownFileType = text.plist.strings; name = en; path = en.lproj/InfoPlist.strings; sourceTree = "<group>"; };
		CEE3E6571998133100AFB307 /* RecipeBookTests.m */ = {isa = PBXFileReference; lastKnownFileType = sourcecode.c.objc; path = RecipeBookTests.m; sourceTree = "<group>"; };
		CEE3E66119981DA800AFB307 /* RecipeDetailViewController.h */ = {isa = PBXFileReference; fileEncoding = 4; lastKnownFileType = sourcecode.c.h; path = RecipeDetailViewController.h; sourceTree = "<group>"; };
		CEE3E66219981DA800AFB307 /* RecipeDetailViewController.m */ = {isa = PBXFileReference; fileEncoding = 4; lastKnownFileType = sourcecode.c.objc; path = RecipeDetailViewController.m; sourceTree = "<group>"; };
/* End PBXFileReference section */

/* Begin PBXFrameworksBuildPhase section */
		CEE3E6231998133100AFB307 /* Frameworks */ = {
			isa = PBXFrameworksBuildPhase;
			buildActionMask = 2147483647;
			files = (
				CEE3E62C1998133100AFB307 /* CoreGraphics.framework in Frameworks */,
				CEE3E62E1998133100AFB307 /* UIKit.framework in Frameworks */,
				CEE3E62A1998133100AFB307 /* Foundation.framework in Frameworks */,
			);
			runOnlyForDeploymentPostprocessing = 0;
		};
		CEE3E6471998133100AFB307 /* Frameworks */ = {
			isa = PBXFrameworksBuildPhase;
			buildActionMask = 2147483647;
			files = (
				CEE3E64C1998133100AFB307 /* XCTest.framework in Frameworks */,
				CEE3E64E1998133100AFB307 /* UIKit.framework in Frameworks */,
				CEE3E64D1998133100AFB307 /* Foundation.framework in Frameworks */,
			);
			runOnlyForDeploymentPostprocessing = 0;
		};
/* End PBXFrameworksBuildPhase section */

/* Begin PBXGroup section */
		CEE3E61D1998133100AFB307 = {
			isa = PBXGroup;
			children = (
				CEC55EF8199859E00033C1D3 /* angry_birds_cake.jpg */,
				CEC55EF9199859E00033C1D3 /* creme_brelee.jpg */,
				CEC55EFA199859E00033C1D3 /* egg_benedict.jpg */,
				CEC55EFB199859E00033C1D3 /* full_breakfast.jpg */,
				CEC55EFC199859E00033C1D3 /* green_tea.jpg */,
				CEC55EFD199859E00033C1D3 /* ham_and_cheese_panini.jpg */,
				CEC55EFE199859E00033C1D3 /* ham_and_egg_sandwich.jpg */,
				CEC55EFF199859E00033C1D3 /* hamburger.jpg */,
				CEC55F00199859E00033C1D3 /* instant_noodle_with_egg.jpg */,
				CEC55F01199859E00033C1D3 /* japanese_noodle_with_pork.jpg */,
				CEC55F02199859E00033C1D3 /* mushroom_risotto.jpg */,
				CEC55F03199859E00033C1D3 /* noodle_with_bbq_pork.jpg */,
				CEC55F04199859E00033C1D3 /* photo-frame.png */,
				CEC55F05199859E00033C1D3 /* photo-frame@2x.png */,
				CEC55F06199859E00033C1D3 /* starbucks_coffee.jpg */,
				CEC55F07199859E00033C1D3 /* thai_shrimp_cake.jpg */,
				CEC55F08199859E00033C1D3 /* vegetable_curry.jpg */,
				CEC55F09199859E00033C1D3 /* white_chocolate_donut.jpg */,
				CEC55EAB199857160033C1D3 /* Recipe.h */,
				CEC55EAC199857160033C1D3 /* Recipe.m */,
				CEE3E62F1998133100AFB307 /* RecipeBook */,
				CEE3E6511998133100AFB307 /* RecipeBookTests */,
				CEE3E6281998133100AFB307 /* Frameworks */,
				CEE3E6271998133100AFB307 /* Products */,
			);
			sourceTree = "<group>";
		};
		CEE3E6271998133100AFB307 /* Products */ = {
			isa = PBXGroup;
			children = (
				CEE3E6261998133100AFB307 /* RecipeBook.app */,
				CEE3E64A1998133100AFB307 /* RecipeBookTests.xctest */,
			);
			name = Products;
			sourceTree = "<group>";
		};
		CEE3E6281998133100AFB307 /* Frameworks */ = {
			isa = PBXGroup;
			children = (
				CEE3E6291998133100AFB307 /* Foundation.framework */,
				CEE3E62B1998133100AFB307 /* CoreGraphics.framework */,
				CEE3E62D1998133100AFB307 /* UIKit.framework */,
				CEE3E64B1998133100AFB307 /* XCTest.framework */,
			);
			name = Frameworks;
			sourceTree = "<group>";
		};
		CEE3E62F1998133100AFB307 /* RecipeBook */ = {
			isa = PBXGroup;
			children = (
				CEE3E6381998133100AFB307 /* RecipeBookAppDelegate.h */,
				CEE3E6391998133100AFB307 /* RecipeBookAppDelegate.m */,
				CEE3E63B1998133100AFB307 /* Main_iPhone.storyboard */,
				CEE3E63E1998133100AFB307 /* Main_iPad.storyboard */,
				CEE3E6411998133100AFB307 /* RecipeBookViewController.h */,
				CEE3E6421998133100AFB307 /* RecipeBookViewController.m */,
				CEE3E6441998133100AFB307 /* Images.xcassets */,
				CEE3E6301998133100AFB307 /* Supporting Files */,
				CEE3E66119981DA800AFB307 /* RecipeDetailViewController.h */,
				CEE3E66219981DA800AFB307 /* RecipeDetailViewController.m */,
			);
			path = RecipeBook;
			sourceTree = "<group>";
		};
		CEE3E6301998133100AFB307 /* Supporting Files */ = {
			isa = PBXGroup;
			children = (
				CEE3E6311998133100AFB307 /* RecipeBook-Info.plist */,
				CEE3E6321998133100AFB307 /* InfoPlist.strings */,
				CEE3E6351998133100AFB307 /* main.m */,
				CEE3E6371998133100AFB307 /* RecipeBook-Prefix.pch */,
			);
			name = "Supporting Files";
			sourceTree = "<group>";
		};
		CEE3E6511998133100AFB307 /* RecipeBookTests */ = {
			isa = PBXGroup;
			children = (
				CEE3E6571998133100AFB307 /* RecipeBookTests.m */,
				CEE3E6521998133100AFB307 /* Supporting Files */,
			);
			path = RecipeBookTests;
			sourceTree = "<group>";
		};
		CEE3E6521998133100AFB307 /* Supporting Files */ = {
			isa = PBXGroup;
			children = (
				CEE3E6531998133100AFB307 /* RecipeBookTests-Info.plist */,
				CEE3E6541998133100AFB307 /* InfoPlist.strings */,
			);
			name = "Supporting Files";
			sourceTree = "<group>";
		};
/* End PBXGroup section */

/* Begin PBXNativeTarget section */
		CEE3E6251998133100AFB307 /* RecipeBook */ = {
			isa = PBXNativeTarget;
			buildConfigurationList = CEE3E65B1998133100AFB307 /* Build configuration list for PBXNativeTarget "RecipeBook" */;
			buildPhases = (
				CEE3E6221998133100AFB307 /* Sources */,
				CEE3E6231998133100AFB307 /* Frameworks */,
				CEE3E6241998133100AFB307 /* Resources */,
			);
			buildRules = (
			);
			dependencies = (
			);
			name = RecipeBook;
			productName = RecipeBook;
			productReference = CEE3E6261998133100AFB307 /* RecipeBook.app */;
			productType = "com.apple.product-type.application";
		};
		CEE3E6491998133100AFB307 /* RecipeBookTests */ = {
			isa = PBXNativeTarget;
			buildConfigurationList = CEE3E65E1998133100AFB307 /* Build configuration list for PBXNativeTarget "RecipeBookTests" */;
			buildPhases = (
				CEE3E6461998133100AFB307 /* Sources */,
				CEE3E6471998133100AFB307 /* Frameworks */,
				CEE3E6481998133100AFB307 /* Resources */,
			);
			buildRules = (
			);
			dependencies = (
				CEE3E6501998133100AFB307 /* PBXTargetDependency */,
			);
			name = RecipeBookTests;
			productName = RecipeBookTests;
			productReference = CEE3E64A1998133100AFB307 /* RecipeBookTests.xctest */;
			productType = "com.apple.product-type.bundle.unit-test";
		};
/* End PBXNativeTarget section */

/* Begin PBXProject section */
		CEE3E61E1998133100AFB307 /* Project object */ = {
			isa = PBXProject;
			attributes = {
				CLASSPREFIX = RecipeBook;
				LastUpgradeCheck = 0510;
				ORGANIZATIONNAME = aetonix;
				TargetAttributes = {
					CEE3E6491998133100AFB307 = {
						TestTargetID = CEE3E6251998133100AFB307;
					};
				};
			};
			buildConfigurationList = CEE3E6211998133100AFB307 /* Build configuration list for PBXProject "RecipeBook" */;
			compatibilityVersion = "Xcode 3.2";
			developmentRegion = English;
			hasScannedForEncodings = 0;
			knownRegions = (
				en,
				Base,
			);
			mainGroup = CEE3E61D1998133100AFB307;
			productRefGroup = CEE3E6271998133100AFB307 /* Products */;
			projectDirPath = "";
			projectRoot = "";
			targets = (
				CEE3E6251998133100AFB307 /* RecipeBook */,
				CEE3E6491998133100AFB307 /* RecipeBookTests */,
			);
		};
/* End PBXProject section */

/* Begin PBXResourcesBuildPhase section */
		CEE3E6241998133100AFB307 /* Resources */ = {
			isa = PBXResourcesBuildPhase;
			buildActionMask = 2147483647;
			files = (
				CEC55F1A199859E00033C1D3 /* vegetable_curry.jpg in Resources */,
				CEC55F18199859E00033C1D3 /* starbucks_coffee.jpg in Resources */,
				CEC55F12199859E00033C1D3 /* instant_noodle_with_egg.jpg in Resources */,
				CEC55F0F199859E00033C1D3 /* ham_and_cheese_panini.jpg in Resources */,
				CEC55F15199859E00033C1D3 /* noodle_with_bbq_pork.jpg in Resources */,
				CEC55F11199859E00033C1D3 /* hamburger.jpg in Resources */,
				CEC55F0A199859E00033C1D3 /* angry_birds_cake.jpg in Resources */,
				CEE3E6401998133100AFB307 /* Main_iPad.storyboard in Resources */,
				CEC55F10199859E00033C1D3 /* ham_and_egg_sandwich.jpg in Resources */,
				CEE3E6451998133100AFB307 /* Images.xcassets in Resources */,
				CEC55F14199859E00033C1D3 /* mushroom_risotto.jpg in Resources */,
				CEC55F17199859E00033C1D3 /* photo-frame@2x.png in Resources */,
				CEE3E63D1998133100AFB307 /* Main_iPhone.storyboard in Resources */,
				CEC55F16199859E00033C1D3 /* photo-frame.png in Resources */,
				CEE3E6341998133100AFB307 /* InfoPlist.strings in Resources */,
				CEC55F0C199859E00033C1D3 /* egg_benedict.jpg in Resources */,
				CEC55F0E199859E00033C1D3 /* green_tea.jpg in Resources */,
				CEC55F0D199859E00033C1D3 /* full_breakfast.jpg in Resources */,
				CEC55F0B199859E00033C1D3 /* creme_brelee.jpg in Resources */,
				CEC55F1B199859E00033C1D3 /* white_chocolate_donut.jpg in Resources */,
				CEC55F19199859E00033C1D3 /* thai_shrimp_cake.jpg in Resources */,
				CEC55F13199859E00033C1D3 /* japanese_noodle_with_pork.jpg in Resources */,
			);
			runOnlyForDeploymentPostprocessing = 0;
		};
		CEE3E6481998133100AFB307 /* Resources */ = {
			isa = PBXResourcesBuildPhase;
			buildActionMask = 2147483647;
			files = (
				CEE3E6561998133100AFB307 /* InfoPlist.strings in Resources */,
			);
			runOnlyForDeploymentPostprocessing = 0;
		};
/* End PBXResourcesBuildPhase section */

/* Begin PBXSourcesBuildPhase section */
		CEE3E6221998133100AFB307 /* Sources */ = {
			isa = PBXSourcesBuildPhase;
			buildActionMask = 2147483647;
			files = (
				CEE3E6431998133100AFB307 /* RecipeBookViewController.m in Sources */,
				CEC55EAD199857160033C1D3 /* Recipe.m in Sources */,
				CEE3E66319981DA800AFB307 /* RecipeDetailViewController.m in Sources */,
				CEE3E6361998133100AFB307 /* main.m in Sources */,
				CEE3E63A1998133100AFB307 /* RecipeBookAppDelegate.m in Sources */,
			);
			runOnlyForDeploymentPostprocessing = 0;
		};
		CEE3E6461998133100AFB307 /* Sources */ = {
			isa = PBXSourcesBuildPhase;
			buildActionMask = 2147483647;
			files = (
				CEE3E6581998133100AFB307 /* RecipeBookTests.m in Sources */,
			);
			runOnlyForDeploymentPostprocessing = 0;
		};
/* End PBXSourcesBuildPhase section */

/* Begin PBXTargetDependency section */
		CEE3E6501998133100AFB307 /* PBXTargetDependency */ = {
			isa = PBXTargetDependency;
			target = CEE3E6251998133100AFB307 /* RecipeBook */;
			targetProxy = CEE3E64F1998133100AFB307 /* PBXContainerItemProxy */;
		};
/* End PBXTargetDependency section */

/* Begin PBXVariantGroup section */
		CEE3E6321998133100AFB307 /* InfoPlist.strings */ = {
			isa = PBXVariantGroup;
			children = (
				CEE3E6331998133100AFB307 /* en */,
			);
			name = InfoPlist.strings;
			sourceTree = "<group>";
		};
		CEE3E63B1998133100AFB307 /* Main_iPhone.storyboard */ = {
			isa = PBXVariantGroup;
			children = (
				CEE3E63C1998133100AFB307 /* Base */,
			);
			name = Main_iPhone.storyboard;
			sourceTree = "<group>";
		};
		CEE3E63E1998133100AFB307 /* Main_iPad.storyboard */ = {
			isa = PBXVariantGroup;
			children = (
				CEE3E63F1998133100AFB307 /* Base */,
			);
			name = Main_iPad.storyboard;
			sourceTree = "<group>";
		};
		CEE3E6541998133100AFB307 /* InfoPlist.strings */ = {
			isa = PBXVariantGroup;
			children = (
				CEE3E6551998133100AFB307 /* en */,
			);
			name = InfoPlist.strings;
			sourceTree = "<group>";
		};
/* End PBXVariantGroup section */

/* Begin XCBuildConfiguration section */
		CEE3E6591998133100AFB307 /* Debug */ = {
			isa = XCBuildConfiguration;
			buildSettings = {
				ALWAYS_SEARCH_USER_PATHS = NO;
				CLANG_CXX_LANGUAGE_STANDARD = "gnu++0x";
				CLANG_CXX_LIBRARY = "libc++";
				CLANG_ENABLE_MODULES = YES;
				CLANG_ENABLE_OBJC_ARC = YES;
				CLANG_WARN_BOOL_CONVERSION = YES;
				CLANG_WARN_CONSTANT_CONVERSION = YES;
				CLANG_WARN_DIRECT_OBJC_ISA_USAGE = YES_ERROR;
				CLANG_WARN_EMPTY_BODY = YES;
				CLANG_WARN_ENUM_CONVERSION = YES;
				CLANG_WARN_INT_CONVERSION = YES;
				CLANG_WARN_OBJC_ROOT_CLASS = YES_ERROR;
				CLANG_WARN__DUPLICATE_METHOD_MATCH = YES;
				"CODE_SIGN_IDENTITY[sdk=iphoneos*]" = "iPhone Developer";
				COPY_PHASE_STRIP = NO;
				GCC_C_LANGUAGE_STANDARD = gnu99;
				GCC_DYNAMIC_NO_PIC = NO;
				GCC_OPTIMIZATION_LEVEL = 0;
				GCC_PREPROCESSOR_DEFINITIONS = (
					"DEBUG=1",
					"$(inherited)",
				);
				GCC_SYMBOLS_PRIVATE_EXTERN = NO;
				GCC_WARN_64_TO_32_BIT_CONVERSION = YES;
				GCC_WARN_ABOUT_RETURN_TYPE = YES_ERROR;
				GCC_WARN_UNDECLARED_SELECTOR = YES;
				GCC_WARN_UNINITIALIZED_AUTOS = YES_AGGRESSIVE;
				GCC_WARN_UNUSED_FUNCTION = YES;
				GCC_WARN_UNUSED_VARIABLE = YES;
				IPHONEOS_DEPLOYMENT_TARGET = 7.1;
				ONLY_ACTIVE_ARCH = YES;
				SDKROOT = iphoneos;
				TARGETED_DEVICE_FAMILY = "1,2";
			};
			name = Debug;
		};
		CEE3E65A1998133100AFB307 /* Release */ = {
			isa = XCBuildConfiguration;
			buildSettings = {
				ALWAYS_SEARCH_USER_PATHS = NO;
				CLANG_CXX_LANGUAGE_STANDARD = "gnu++0x";
				CLANG_CXX_LIBRARY = "libc++";
				CLANG_ENABLE_MODULES = YES;
				CLANG_ENABLE_OBJC_ARC = YES;
				CLANG_WARN_BOOL_CONVERSION = YES;
				CLANG_WARN_CONSTANT_CONVERSION = YES;
				CLANG_WARN_DIRECT_OBJC_ISA_USAGE = YES_ERROR;
				CLANG_WARN_EMPTY_BODY = YES;
				CLANG_WARN_ENUM_CONVERSION = YES;
				CLANG_WARN_INT_CONVERSION = YES;
				CLANG_WARN_OBJC_ROOT_CLASS = YES_ERROR;
				CLANG_WARN__DUPLICATE_METHOD_MATCH = YES;
				"CODE_SIGN_IDENTITY[sdk=iphoneos*]" = "iPhone Developer";
				COPY_PHASE_STRIP = YES;
				ENABLE_NS_ASSERTIONS = NO;
				GCC_C_LANGUAGE_STANDARD = gnu99;
				GCC_WARN_64_TO_32_BIT_CONVERSION = YES;
				GCC_WARN_ABOUT_RETURN_TYPE = YES_ERROR;
				GCC_WARN_UNDECLARED_SELECTOR = YES;
				GCC_WARN_UNINITIALIZED_AUTOS = YES_AGGRESSIVE;
				GCC_WARN_UNUSED_FUNCTION = YES;
				GCC_WARN_UNUSED_VARIABLE = YES;
				IPHONEOS_DEPLOYMENT_TARGET = 7.1;
				SDKROOT = iphoneos;
				TARGETED_DEVICE_FAMILY = "1,2";
				VALIDATE_PRODUCT = YES;
			};
			name = Release;
		};
		CEE3E65C1998133100AFB307 /* Debug */ = {
			isa = XCBuildConfiguration;
			buildSettings = {
				ASSETCATALOG_COMPILER_APPICON_NAME = AppIcon;
				ASSETCATALOG_COMPILER_LAUNCHIMAGE_NAME = LaunchImage;
				GCC_PRECOMPILE_PREFIX_HEADER = YES;
				GCC_PREFIX_HEADER = "RecipeBook/RecipeBook-Prefix.pch";
				INFOPLIST_FILE = "RecipeBook/RecipeBook-Info.plist";
				PRODUCT_NAME = "$(TARGET_NAME)";
				WRAPPER_EXTENSION = app;
			};
			name = Debug;
		};
		CEE3E65D1998133100AFB307 /* Release */ = {
			isa = XCBuildConfiguration;
			buildSettings = {
				ASSETCATALOG_COMPILER_APPICON_NAME = AppIcon;
				ASSETCATALOG_COMPILER_LAUNCHIMAGE_NAME = LaunchImage;
				GCC_PRECOMPILE_PREFIX_HEADER = YES;
				GCC_PREFIX_HEADER = "RecipeBook/RecipeBook-Prefix.pch";
				INFOPLIST_FILE = "RecipeBook/RecipeBook-Info.plist";
				PRODUCT_NAME = "$(TARGET_NAME)";
				WRAPPER_EXTENSION = app;
			};
			name = Release;
		};
		CEE3E65F1998133100AFB307 /* Debug */ = {
			isa = XCBuildConfiguration;
			buildSettings = {
				BUNDLE_LOADER = "$(BUILT_PRODUCTS_DIR)/RecipeBook.app/RecipeBook";
				FRAMEWORK_SEARCH_PATHS = (
					"$(SDKROOT)/Developer/Library/Frameworks",
					"$(inherited)",
					"$(DEVELOPER_FRAMEWORKS_DIR)",
				);
				GCC_PRECOMPILE_PREFIX_HEADER = YES;
				GCC_PREFIX_HEADER = "RecipeBook/RecipeBook-Prefix.pch";
				GCC_PREPROCESSOR_DEFINITIONS = (
					"DEBUG=1",
					"$(inherited)",
				);
				INFOPLIST_FILE = "RecipeBookTests/RecipeBookTests-Info.plist";
				PRODUCT_NAME = "$(TARGET_NAME)";
				TEST_HOST = "$(BUNDLE_LOADER)";
				WRAPPER_EXTENSION = xctest;
			};
			name = Debug;
		};
		CEE3E6601998133100AFB307 /* Release */ = {
			isa = XCBuildConfiguration;
			buildSettings = {
				BUNDLE_LOADER = "$(BUILT_PRODUCTS_DIR)/RecipeBook.app/RecipeBook";
				FRAMEWORK_SEARCH_PATHS = (
					"$(SDKROOT)/Developer/Library/Frameworks",
					"$(inherited)",
					"$(DEVELOPER_FRAMEWORKS_DIR)",
				);
				GCC_PRECOMPILE_PREFIX_HEADER = YES;
				GCC_PREFIX_HEADER = "RecipeBook/RecipeBook-Prefix.pch";
				INFOPLIST_FILE = "RecipeBookTests/RecipeBookTests-Info.plist";
				PRODUCT_NAME = "$(TARGET_NAME)";
				TEST_HOST = "$(BUNDLE_LOADER)";
				WRAPPER_EXTENSION = xctest;
			};
			name = Release;
		};
/* End XCBuildConfiguration section */

/* Begin XCConfigurationList section */
		CEE3E6211998133100AFB307 /* Build configuration list for PBXProject "RecipeBook" */ = {
			isa = XCConfigurationList;
			buildConfigurations = (
				CEE3E6591998133100AFB307 /* Debug */,
				CEE3E65A1998133100AFB307 /* Release */,
			);
			defaultConfigurationIsVisible = 0;
			defaultConfigurationName = Release;
		};
		CEE3E65B1998133100AFB307 /* Build configuration list for PBXNativeTarget "RecipeBook" */ = {
			isa = XCConfigurationList;
			buildConfigurations = (
				CEE3E65C1998133100AFB307 /* Debug */,
				CEE3E65D1998133100AFB307 /* Release */,
			);
			defaultConfigurationIsVisible = 0;
			defaultConfigurationName = Release;
		};
		CEE3E65E1998133100AFB307 /* Build configuration list for PBXNativeTarget "RecipeBookTests" */ = {
			isa = XCConfigurationList;
			buildConfigurations = (
				CEE3E65F1998133100AFB307 /* Debug */,
				CEE3E6601998133100AFB307 /* Release */,
			);
			defaultConfigurationIsVisible = 0;
			defaultConfigurationName = Release;
		};
/* End XCConfigurationList section */
	};
	rootObject = CEE3E61E1998133100AFB307 /* Project object */;
}
